
Microsoft Visual Studio Solution File, Format Version 12.00
# Visual Studio Version 16
VisualStudioVersion = 16.0.32106.194
MinimumVisualStudioVersion = 10.0.40219.1
Project("{FAE04EC0-301F-11D3-BF4B-00C04F79EFBC}") = "exporter", "exporter.csproj", "{2D6ED064-A221-4BBD-818A-D2EDB5E2AE56}"
EndProject
Global
	GlobalSection(SolutionConfigurationPlatforms) = preSolution
		Debug|Any CPU = Debug|Any CPU
		Release|Any CPU = Release|Any CPU
	EndGlobalSection
	GlobalSection(ProjectConfigurationPlatforms) = postSolution
		{2D6ED064-A221-4BBD-818A-D2EDB5E2AE56}.Debug|Any CPU.ActiveCfg = Debug|Any CPU
		{2D6ED064-A221-4BBD-818A-D2EDB5E2AE56}.Debug|Any CPU.Build.0 = Debug|Any CPU
		{2D6ED064-A221-4BBD-818A-D2EDB5E2AE56}.Release|Any CPU.ActiveCfg = Release|Any CPU
		{2D6ED064-A221-4BBD-818A-D2EDB5E2AE56}.Release|Any CPU.Build.0 = Release|Any CPU
	EndGlobalSection
	GlobalSection(SolutionProperties) = preSolution
		HideSolutionNode = FALSE
	EndGlobalSection
	GlobalSection(ExtensibilityGlobals) = postSolution
		SolutionGuid = {F5C8E372-771C-4FC0-A1F8-B6237672B272}
	EndGlobalSection
EndGlobal
